
Microsoft Visual Studio Solution File, Format Version 12.00
# Visual Studio 15
VisualStudioVersion = 15.0.26430.16
MinimumVisualStudioVersion = 10.0.40219.1
Project("{FAE04EC0-301F-11D3-BF4B-00C04F79EFBC}") = "LucidOcean.MultiChain", "LucidOcean.MultiChain\LucidOcean.MultiChain.csproj", "{AA780CE4-3B29-4998-AAAB-D66FC1BC77D0}"
EndProject
Project("{FAE04EC0-301F-11D3-BF4B-00C04F79EFBC}") = "MultiChainTests", "MultiChainTests\MultiChainTests.csproj", "{268E29F5-2C58-4CA9-9DC6-8B2551541C70}"
EndProject
Global
	GlobalSection(SolutionConfigurationPlatforms) = preSolution
		Debug|Any CPU = Debug|Any CPU
		Release|Any CPU = Release|Any CPU
	EndGlobalSection
	GlobalSection(ProjectConfigurationPlatforms) = postSolution
		{AA780CE4-3B29-4998-AAAB-D66FC1BC77D0}.Debug|Any CPU.ActiveCfg = Debug|Any CPU
		{AA780CE4-3B29-4998-AAAB-D66FC1BC77D0}.Debug|Any CPU.Build.0 = Debug|Any CPU
		{AA780CE4-3B29-4998-AAAB-D66FC1BC77D0}.Release|Any CPU.ActiveCfg = Release|Any CPU
		{AA780CE4-3B29-4998-AAAB-D66FC1BC77D0}.Release|Any CPU.Build.0 = Release|Any CPU
		{268E29F5-2C58-4CA9-9DC6-8B2551541C70}.Debug|Any CPU.ActiveCfg = Debug|Any CPU
		{268E29F5-2C58-4CA9-9DC6-8B2551541C70}.Debug|Any CPU.Build.0 = Debug|Any CPU
		{268E29F5-2C58-4CA9-9DC6-8B2551541C70}.Release|Any CPU.ActiveCfg = Release|Any CPU
		{268E29F5-2C58-4CA9-9DC6-8B2551541C70}.Release|Any CPU.Build.0 = Release|Any CPU
	EndGlobalSection
	GlobalSection(SolutionProperties) = preSolution
		HideSolutionNode = FALSE
	EndGlobalSection
EndGlobal
